
Microsoft Visual Studio Solution File, Format Version 12.00
# Visual Studio Version 17
VisualStudioVersion = 17.11.35222.181
MinimumVisualStudioVersion = 10.0.40219.1
Project("{FAE04EC0-301F-11D3-BF4B-00C04F79EFBC}") = "Simulacro", "Simulacro\Simulacro.csproj", "{F3B34950-5366-40B9-8F37-151E5DEB75EA}"
EndProject
Global
	GlobalSection(SolutionConfigurationPlatforms) = preSolution
		Debug|Any CPU = Debug|Any CPU
		Release|Any CPU = Release|Any CPU
	EndGlobalSection
	GlobalSection(ProjectConfigurationPlatforms) = postSolution
		{F3B34950-5366-40B9-8F37-151E5DEB75EA}.Debug|Any CPU.ActiveCfg = Debug|Any CPU
		{F3B34950-5366-40B9-8F37-151E5DEB75EA}.Debug|Any CPU.Build.0 = Debug|Any CPU
		{F3B34950-5366-40B9-8F37-151E5DEB75EA}.Release|Any CPU.ActiveCfg = Release|Any CPU
		{F3B34950-5366-40B9-8F37-151E5DEB75EA}.Release|Any CPU.Build.0 = Release|Any CPU
	EndGlobalSection
	GlobalSection(SolutionProperties) = preSolution
		HideSolutionNode = FALSE
	EndGlobalSection
	GlobalSection(ExtensibilityGlobals) = postSolution
		SolutionGuid = {6A609E2C-EB8E-4A0E-8F35-4818568A99FE}
	EndGlobalSection
EndGlobal
